// !$*UTF8*$!
{
	archiveVersion = 1;
	classes = {
	};
	objectVersion = 46;
	objects = {

/* Begin PBXBuildFile section */
		478D41D71BDA7F7B00467132 /* main.m in Sources */ = {isa = PBXBuildFile; fileRef = 478D41D61BDA7F7B00467132 /* main.m */; };
		478D41DA1BDA7F7B00467132 /* AppDelegate.m in Sources */ = {isa = PBXBuildFile; fileRef = 478D41D91BDA7F7B00467132 /* AppDelegate.m */; };
		478D41DD1BDA7F7B00467132 /* ViewController.m in Sources */ = {isa = PBXBuildFile; fileRef = 478D41DC1BDA7F7B00467132 /* ViewController.m */; };
		478D41E01BDA7F7B00467132 /* Main.storyboard in Resources */ = {isa = PBXBuildFile; fileRef = 478D41DE1BDA7F7B00467132 /* Main.storyboard */; };
		478D41E21BDA7F7B00467132 /* Assets.xcassets in Resources */ = {isa = PBXBuildFile; fileRef = 478D41E11BDA7F7B00467132 /* Assets.xcassets */; };
		478D41E51BDA7F7B00467132 /* LaunchScreen.storyboard in Resources */ = {isa = PBXBuildFile; fileRef = 478D41E31BDA7F7B00467132 /* LaunchScreen.storyboard */; };
		478D41F51BDA7F9F00467132 /* MWKHelper.m in Sources */ = {isa = PBXBuildFile; fileRef = 478D41EE1BDA7F9F00467132 /* MWKHelper.m */; settings = {ASSET_TAGS = (); }; };
		478D41F61BDA7F9F00467132 /* MWKRequestResultHandler.m in Sources */ = {isa = PBXBuildFile; fileRef = 478D41F01BDA7F9F00467132 /* MWKRequestResultHandler.m */; settings = {ASSET_TAGS = (); }; };
		478D41F71BDA7F9F00467132 /* MWKSoapError.m in Sources */ = {isa = PBXBuildFile; fileRef = 478D41F21BDA7F9F00467132 /* MWKSoapError.m */; settings = {ASSET_TAGS = (); }; };
		478D41F81BDA7F9F00467132 /* MWKwsDemostracionBinding.m in Sources */ = {isa = PBXBuildFile; fileRef = 478D41F41BDA7F9F00467132 /* MWKwsDemostracionBinding.m */; settings = {ASSET_TAGS = (); }; };
		478D42081BDA806A00467132 /* DDXMLElementAdditions.m in Sources */ = {isa = PBXBuildFile; fileRef = 478D41FB1BDA806A00467132 /* DDXMLElementAdditions.m */; settings = {ASSET_TAGS = (); }; };
		478D42091BDA806A00467132 /* NSString+DDXML.m in Sources */ = {isa = PBXBuildFile; fileRef = 478D41FE1BDA806A00467132 /* NSString+DDXML.m */; settings = {ASSET_TAGS = (); }; };
		478D420A1BDA806A00467132 /* DDXMLDocument.m in Sources */ = {isa = PBXBuildFile; fileRef = 478D42011BDA806A00467132 /* DDXMLDocument.m */; settings = {ASSET_TAGS = (); }; };
		478D420B1BDA806A00467132 /* DDXMLElement.m in Sources */ = {isa = PBXBuildFile; fileRef = 478D42031BDA806A00467132 /* DDXMLElement.m */; settings = {ASSET_TAGS = (); }; };
		478D420C1BDA806A00467132 /* DDXMLNode.m in Sources */ = {isa = PBXBuildFile; fileRef = 478D42051BDA806A00467132 /* DDXMLNode.m */; settings = {ASSET_TAGS = (); }; };
/* End PBXBuildFile section */

/* Begin PBXFileReference section */
		478D41D21BDA7F7B00467132 /* EjercicioWs.app */ = {isa = PBXFileReference; explicitFileType = wrapper.application; includeInIndex = 0; path = EjercicioWs.app; sourceTree = BUILT_PRODUCTS_DIR; };
		478D41D61BDA7F7B00467132 /* main.m */ = {isa = PBXFileReference; lastKnownFileType = sourcecode.c.objc; path = main.m; sourceTree = "<group>"; };
		478D41D81BDA7F7B00467132 /* AppDelegate.h */ = {isa = PBXFileReference; lastKnownFileType = sourcecode.c.h; path = AppDelegate.h; sourceTree = "<group>"; };
		478D41D91BDA7F7B00467132 /* AppDelegate.m */ = {isa = PBXFileReference; lastKnownFileType = sourcecode.c.objc; path = AppDelegate.m; sourceTree = "<group>"; };
		478D41DB1BDA7F7B00467132 /* ViewController.h */ = {isa = PBXFileReference; lastKnownFileType = sourcecode.c.h; path = ViewController.h; sourceTree = "<group>"; };
		478D41DC1BDA7F7B00467132 /* ViewController.m */ = {isa = PBXFileReference; lastKnownFileType = sourcecode.c.objc; path = ViewController.m; sourceTree = "<group>"; };
		478D41DF1BDA7F7B00467132 /* Base */ = {isa = PBXFileReference; lastKnownFileType = file.storyboard; name = Base; path = Base.lproj/Main.storyboard; sourceTree = "<group>"; };
		478D41E11BDA7F7B00467132 /* Assets.xcassets */ = {isa = PBXFileReference; lastKnownFileType = folder.assetcatalog; path = Assets.xcassets; sourceTree = "<group>"; };
		478D41E41BDA7F7B00467132 /* Base */ = {isa = PBXFileReference; lastKnownFileType = file.storyboard; name = Base; path = Base.lproj/LaunchScreen.storyboard; sourceTree = "<group>"; };
		478D41E61BDA7F7B00467132 /* Info.plist */ = {isa = PBXFileReference; lastKnownFileType = text.plist.xml; path = Info.plist; sourceTree = "<group>"; };
		478D41ED1BDA7F9F00467132 /* MWKHelper.h */ = {isa = PBXFileReference; fileEncoding = 4; lastKnownFileType = sourcecode.c.h; path = MWKHelper.h; sourceTree = "<group>"; };
		478D41EE1BDA7F9F00467132 /* MWKHelper.m */ = {isa = PBXFileReference; fileEncoding = 4; lastKnownFileType = sourcecode.c.objc; path = MWKHelper.m; sourceTree = "<group>"; };
		478D41EF1BDA7F9F00467132 /* MWKRequestResultHandler.h */ = {isa = PBXFileReference; fileEncoding = 4; lastKnownFileType = sourcecode.c.h; path = MWKRequestResultHandler.h; sourceTree = "<group>"; };
		478D41F01BDA7F9F00467132 /* MWKRequestResultHandler.m */ = {isa = PBXFileReference; fileEncoding = 4; lastKnownFileType = sourcecode.c.objc; path = MWKRequestResultHandler.m; sourceTree = "<group>"; };
		478D41F11BDA7F9F00467132 /* MWKSoapError.h */ = {isa = PBXFileReference; fileEncoding = 4; lastKnownFileType = sourcecode.c.h; path = MWKSoapError.h; sourceTree = "<group>"; };
		478D41F21BDA7F9F00467132 /* MWKSoapError.m */ = {isa = PBXFileReference; fileEncoding = 4; lastKnownFileType = sourcecode.c.objc; path = MWKSoapError.m; sourceTree = "<group>"; };
		478D41F31BDA7F9F00467132 /* MWKwsDemostracionBinding.h */ = {isa = PBXFileReference; fileEncoding = 4; lastKnownFileType = sourcecode.c.h; path = MWKwsDemostracionBinding.h; sourceTree = "<group>"; };
		478D41F41BDA7F9F00467132 /* MWKwsDemostracionBinding.m */ = {isa = PBXFileReference; fileEncoding = 4; lastKnownFileType = sourcecode.c.objc; path = MWKwsDemostracionBinding.m; sourceTree = "<group>"; };
		478D41FA1BDA806A00467132 /* DDXMLElementAdditions.h */ = {isa = PBXFileReference; fileEncoding = 4; lastKnownFileType = sourcecode.c.h; path = DDXMLElementAdditions.h; sourceTree = "<group>"; };
		478D41FB1BDA806A00467132 /* DDXMLElementAdditions.m */ = {isa = PBXFileReference; fileEncoding = 4; lastKnownFileType = sourcecode.c.objc; path = DDXMLElementAdditions.m; sourceTree = "<group>"; };
		478D41FD1BDA806A00467132 /* NSString+DDXML.h */ = {isa = PBXFileReference; fileEncoding = 4; lastKnownFileType = sourcecode.c.h; path = "NSString+DDXML.h"; sourceTree = "<group>"; };
		478D41FE1BDA806A00467132 /* NSString+DDXML.m */ = {isa = PBXFileReference; fileEncoding = 4; lastKnownFileType = sourcecode.c.objc; path = "NSString+DDXML.m"; sourceTree = "<group>"; };
		478D41FF1BDA806A00467132 /* DDXML.h */ = {isa = PBXFileReference; fileEncoding = 4; lastKnownFileType = sourcecode.c.h; path = DDXML.h; sourceTree = "<group>"; };
		478D42001BDA806A00467132 /* DDXMLDocument.h */ = {isa = PBXFileReference; fileEncoding = 4; lastKnownFileType = sourcecode.c.h; path = DDXMLDocument.h; sourceTree = "<group>"; };
		478D42011BDA806A00467132 /* DDXMLDocument.m */ = {isa = PBXFileReference; fileEncoding = 4; lastKnownFileType = sourcecode.c.objc; path = DDXMLDocument.m; sourceTree = "<group>"; };
		478D42021BDA806A00467132 /* DDXMLElement.h */ = {isa = PBXFileReference; fileEncoding = 4; lastKnownFileType = sourcecode.c.h; path = DDXMLElement.h; sourceTree = "<group>"; };
		478D42031BDA806A00467132 /* DDXMLElement.m */ = {isa = PBXFileReference; fileEncoding = 4; lastKnownFileType = sourcecode.c.objc; path = DDXMLElement.m; sourceTree = "<group>"; };
		478D42041BDA806A00467132 /* DDXMLNode.h */ = {isa = PBXFileReference; fileEncoding = 4; lastKnownFileType = sourcecode.c.h; path = DDXMLNode.h; sourceTree = "<group>"; };
		478D42051BDA806A00467132 /* DDXMLNode.m */ = {isa = PBXFileReference; fileEncoding = 4; lastKnownFileType = sourcecode.c.objc; path = DDXMLNode.m; sourceTree = "<group>"; };
		478D42071BDA806A00467132 /* DDXMLPrivate.h */ = {isa = PBXFileReference; fileEncoding = 4; lastKnownFileType = sourcecode.c.h; path = DDXMLPrivate.h; sourceTree = "<group>"; };
/* End PBXFileReference section */

/* Begin PBXFrameworksBuildPhase section */
		478D41CF1BDA7F7B00467132 /* Frameworks */ = {
			isa = PBXFrameworksBuildPhase;
			buildActionMask = 2147483647;
			files = (
			);
			runOnlyForDeploymentPostprocessing = 0;
		};
/* End PBXFrameworksBuildPhase section */

/* Begin PBXGroup section */
		478D41C91BDA7F7B00467132 = {
			isa = PBXGroup;
			children = (
				478D41EC1BDA7F9F00467132 /* src */,
				478D41D41BDA7F7B00467132 /* EjercicioWs */,
				478D41D31BDA7F7B00467132 /* Products */,
			);
			sourceTree = "<group>";
		};
		478D41D31BDA7F7B00467132 /* Products */ = {
			isa = PBXGroup;
			children = (
				478D41D21BDA7F7B00467132 /* EjercicioWs.app */,
			);
			name = Products;
			sourceTree = "<group>";
		};
		478D41D41BDA7F7B00467132 /* EjercicioWs */ = {
			isa = PBXGroup;
			children = (
				478D41D81BDA7F7B00467132 /* AppDelegate.h */,
				478D41D91BDA7F7B00467132 /* AppDelegate.m */,
				478D41DB1BDA7F7B00467132 /* ViewController.h */,
				478D41DC1BDA7F7B00467132 /* ViewController.m */,
				478D41DE1BDA7F7B00467132 /* Main.storyboard */,
				478D41E11BDA7F7B00467132 /* Assets.xcassets */,
				478D41E31BDA7F7B00467132 /* LaunchScreen.storyboard */,
				478D41E61BDA7F7B00467132 /* Info.plist */,
				478D41D51BDA7F7B00467132 /* Supporting Files */,
			);
			path = EjercicioWs;
			sourceTree = "<group>";
		};
		478D41D51BDA7F7B00467132 /* Supporting Files */ = {
			isa = PBXGroup;
			children = (
				478D41D61BDA7F7B00467132 /* main.m */,
			);
			name = "Supporting Files";
			sourceTree = "<group>";
		};
		478D41EC1BDA7F9F00467132 /* src */ = {
			isa = PBXGroup;
			children = (
				478D41F91BDA806A00467132 /* Additions */,
				478D41FC1BDA806A00467132 /* Categories */,
				478D41FF1BDA806A00467132 /* DDXML.h */,
				478D42001BDA806A00467132 /* DDXMLDocument.h */,
				478D42011BDA806A00467132 /* DDXMLDocument.m */,
				478D42021BDA806A00467132 /* DDXMLElement.h */,
				478D42031BDA806A00467132 /* DDXMLElement.m */,
				478D42041BDA806A00467132 /* DDXMLNode.h */,
				478D42051BDA806A00467132 /* DDXMLNode.m */,
				478D42061BDA806A00467132 /* Private */,
				478D41ED1BDA7F9F00467132 /* MWKHelper.h */,
				478D41EE1BDA7F9F00467132 /* MWKHelper.m */,
				478D41EF1BDA7F9F00467132 /* MWKRequestResultHandler.h */,
				478D41F01BDA7F9F00467132 /* MWKRequestResultHandler.m */,
				478D41F11BDA7F9F00467132 /* MWKSoapError.h */,
				478D41F21BDA7F9F00467132 /* MWKSoapError.m */,
				478D41F31BDA7F9F00467132 /* MWKwsDemostracionBinding.h */,
				478D41F41BDA7F9F00467132 /* MWKwsDemostracionBinding.m */,
			);
			path = src;
			sourceTree = "<group>";
		};
		478D41F91BDA806A00467132 /* Additions */ = {
			isa = PBXGroup;
			children = (
				478D41FA1BDA806A00467132 /* DDXMLElementAdditions.h */,
				478D41FB1BDA806A00467132 /* DDXMLElementAdditions.m */,
			);
			path = Additions;
			sourceTree = "<group>";
		};
		478D41FC1BDA806A00467132 /* Categories */ = {
			isa = PBXGroup;
			children = (
				478D41FD1BDA806A00467132 /* NSString+DDXML.h */,
				478D41FE1BDA806A00467132 /* NSString+DDXML.m */,
			);
			path = Categories;
			sourceTree = "<group>";
		};
		478D42061BDA806A00467132 /* Private */ = {
			isa = PBXGroup;
			children = (
				478D42071BDA806A00467132 /* DDXMLPrivate.h */,
			);
			path = Private;
			sourceTree = "<group>";
		};
/* End PBXGroup section */

/* Begin PBXNativeTarget section */
		478D41D11BDA7F7B00467132 /* EjercicioWs */ = {
			isa = PBXNativeTarget;
			buildConfigurationList = 478D41E91BDA7F7B00467132 /* Build configuration list for PBXNativeTarget "EjercicioWs" */;
			buildPhases = (
				478D41CE1BDA7F7B00467132 /* Sources */,
				478D41CF1BDA7F7B00467132 /* Frameworks */,
				478D41D01BDA7F7B00467132 /* Resources */,
			);
			buildRules = (
			);
			dependencies = (
			);
			name = EjercicioWs;
			productName = EjercicioWs;
			productReference = 478D41D21BDA7F7B00467132 /* EjercicioWs.app */;
			productType = "com.apple.product-type.application";
		};
/* End PBXNativeTarget section */

/* Begin PBXProject section */
		478D41CA1BDA7F7B00467132 /* Project object */ = {
			isa = PBXProject;
			attributes = {
				LastUpgradeCheck = 0700;
				ORGANIZATIONNAME = "David Reyes Pucheta";
				TargetAttributes = {
					478D41D11BDA7F7B00467132 = {
						CreatedOnToolsVersion = 7.0.1;
						DevelopmentTeam = 83B6Y9X4WQ;
					};
				};
			};
			buildConfigurationList = 478D41CD1BDA7F7B00467132 /* Build configuration list for PBXProject "EjercicioWs" */;
			compatibilityVersion = "Xcode 3.2";
			developmentRegion = English;
			hasScannedForEncodings = 0;
			knownRegions = (
				en,
				Base,
			);
			mainGroup = 478D41C91BDA7F7B00467132;
			productRefGroup = 478D41D31BDA7F7B00467132 /* Products */;
			projectDirPath = "";
			projectRoot = "";
			targets = (
				478D41D11BDA7F7B00467132 /* EjercicioWs */,
			);
		};
/* End PBXProject section */

/* Begin PBXResourcesBuildPhase section */
		478D41D01BDA7F7B00467132 /* Resources */ = {
			isa = PBXResourcesBuildPhase;
			buildActionMask = 2147483647;
			files = (
				478D41E51BDA7F7B00467132 /* LaunchScreen.storyboard in Resources */,
				478D41E21BDA7F7B00467132 /* Assets.xcassets in Resources */,
				478D41E01BDA7F7B00467132 /* Main.storyboard in Resources */,
			);
			runOnlyForDeploymentPostprocessing = 0;
		};
/* End PBXResourcesBuildPhase section */

/* Begin PBXSourcesBuildPhase section */
		478D41CE1BDA7F7B00467132 /* Sources */ = {
			isa = PBXSourcesBuildPhase;
			buildActionMask = 2147483647;
			files = (
				478D41F81BDA7F9F00467132 /* MWKwsDemostracionBinding.m in Sources */,
				478D41F61BDA7F9F00467132 /* MWKRequestResultHandler.m in Sources */,
				478D41DD1BDA7F7B00467132 /* ViewController.m in Sources */,
				478D420B1BDA806A00467132 /* DDXMLElement.m in Sources */,
				478D42091BDA806A00467132 /* NSString+DDXML.m in Sources */,
				478D41F51BDA7F9F00467132 /* MWKHelper.m in Sources */,
				478D42081BDA806A00467132 /* DDXMLElementAdditions.m in Sources */,
				478D420A1BDA806A00467132 /* DDXMLDocument.m in Sources */,
				478D41DA1BDA7F7B00467132 /* AppDelegate.m in Sources */,
				478D420C1BDA806A00467132 /* DDXMLNode.m in Sources */,
				478D41D71BDA7F7B00467132 /* main.m in Sources */,
				478D41F71BDA7F9F00467132 /* MWKSoapError.m in Sources */,
			);
			runOnlyForDeploymentPostprocessing = 0;
		};
/* End PBXSourcesBuildPhase section */

/* Begin PBXVariantGroup section */
		478D41DE1BDA7F7B00467132 /* Main.storyboard */ = {
			isa = PBXVariantGroup;
			children = (
				478D41DF1BDA7F7B00467132 /* Base */,
			);
			name = Main.storyboard;
			sourceTree = "<group>";
		};
		478D41E31BDA7F7B00467132 /* LaunchScreen.storyboard */ = {
			isa = PBXVariantGroup;
			children = (
				478D41E41BDA7F7B00467132 /* Base */,
			);
			name = LaunchScreen.storyboard;
			sourceTree = "<group>";
		};
/* End PBXVariantGroup section */

/* Begin XCBuildConfiguration section */
		478D41E71BDA7F7B00467132 /* Debug */ = {
			isa = XCBuildConfiguration;
			buildSettings = {
				ALWAYS_SEARCH_USER_PATHS = NO;
				CLANG_CXX_LANGUAGE_STANDARD = "gnu++0x";
				CLANG_CXX_LIBRARY = "libc++";
				CLANG_ENABLE_MODULES = YES;
				CLANG_ENABLE_OBJC_ARC = YES;
				CLANG_WARN_BOOL_CONVERSION = YES;
				CLANG_WARN_CONSTANT_CONVERSION = YES;
				CLANG_WARN_DIRECT_OBJC_ISA_USAGE = YES_ERROR;
				CLANG_WARN_EMPTY_BODY = YES;
				CLANG_WARN_ENUM_CONVERSION = YES;
				CLANG_WARN_INT_CONVERSION = YES;
				CLANG_WARN_OBJC_ROOT_CLASS = YES_ERROR;
				CLANG_WARN_UNREACHABLE_CODE = YES;
				CLANG_WARN__DUPLICATE_METHOD_MATCH = YES;
				"CODE_SIGN_IDENTITY[sdk=iphoneos*]" = "iPhone Developer";
				COPY_PHASE_STRIP = NO;
				DEBUG_INFORMATION_FORMAT = dwarf;
				ENABLE_STRICT_OBJC_MSGSEND = YES;
				ENABLE_TESTABILITY = YES;
				GCC_C_LANGUAGE_STANDARD = gnu99;
				GCC_DYNAMIC_NO_PIC = NO;
				GCC_NO_COMMON_BLOCKS = YES;
				GCC_OPTIMIZATION_LEVEL = 0;
				GCC_PREPROCESSOR_DEFINITIONS = (
					"DEBUG=1",
					"$(inherited)",
				);
				GCC_WARN_64_TO_32_BIT_CONVERSION = YES;
				GCC_WARN_ABOUT_RETURN_TYPE = YES_ERROR;
				GCC_WARN_UNDECLARED_SELECTOR = YES;
				GCC_WARN_UNINITIALIZED_AUTOS = YES_AGGRESSIVE;
				GCC_WARN_UNUSED_FUNCTION = YES;
				GCC_WARN_UNUSED_VARIABLE = YES;
				IPHONEOS_DEPLOYMENT_TARGET = 9.0;
				MTL_ENABLE_DEBUG_INFO = YES;
				ONLY_ACTIVE_ARCH = YES;
				SDKROOT = iphoneos;
				TARGETED_DEVICE_FAMILY = "1,2";
			};
			name = Debug;
		};
		478D41E81BDA7F7B00467132 /* Release */ = {
			isa = XCBuildConfiguration;
			buildSettings = {
				ALWAYS_SEARCH_USER_PATHS = NO;
				CLANG_CXX_LANGUAGE_STANDARD = "gnu++0x";
				CLANG_CXX_LIBRARY = "libc++";
				CLANG_ENABLE_MODULES = YES;
				CLANG_ENABLE_OBJC_ARC = YES;
				CLANG_WARN_BOOL_CONVERSION = YES;
				CLANG_WARN_CONSTANT_CONVERSION = YES;
				CLANG_WARN_DIRECT_OBJC_ISA_USAGE = YES_ERROR;
				CLANG_WARN_EMPTY_BODY = YES;
				CLANG_WARN_ENUM_CONVERSION = YES;
				CLANG_WARN_INT_CONVERSION = YES;
				CLANG_WARN_OBJC_ROOT_CLASS = YES_ERROR;
				CLANG_WARN_UNREACHABLE_CODE = YES;
				CLANG_WARN__DUPLICATE_METHOD_MATCH = YES;
				"CODE_SIGN_IDENTITY[sdk=iphoneos*]" = "iPhone Developer";
				COPY_PHASE_STRIP = NO;
				DEBUG_INFORMATION_FORMAT = "dwarf-with-dsym";
				ENABLE_NS_ASSERTIONS = NO;
				ENABLE_STRICT_OBJC_MSGSEND = YES;
				GCC_C_LANGUAGE_STANDARD = gnu99;
				GCC_NO_COMMON_BLOCKS = YES;
				GCC_WARN_64_TO_32_BIT_CONVERSION = YES;
				GCC_WARN_ABOUT_RETURN_TYPE = YES_ERROR;
				GCC_WARN_UNDECLARED_SELECTOR = YES;
				GCC_WARN_UNINITIALIZED_AUTOS = YES_AGGRESSIVE;
				GCC_WARN_UNUSED_FUNCTION = YES;
				GCC_WARN_UNUSED_VARIABLE = YES;
				IPHONEOS_DEPLOYMENT_TARGET = 9.0;
				MTL_ENABLE_DEBUG_INFO = NO;
				SDKROOT = iphoneos;
				TARGETED_DEVICE_FAMILY = "1,2";
				VALIDATE_PRODUCT = YES;
			};
			name = Release;
		};
		478D41EA1BDA7F7B00467132 /* Debug */ = {
			isa = XCBuildConfiguration;
			buildSettings = {
				ASSETCATALOG_COMPILER_APPICON_NAME = AppIcon;
				"HEADER_SEARCH_PATHS[arch=*]" = /usr/include/libxml2;
				INFOPLIST_FILE = EjercicioWs/Info.plist;
				LD_RUNPATH_SEARCH_PATHS = "$(inherited) @executable_path/Frameworks";
				"OTHER_LDFLAGS[arch=*]" = "-lxml2";
				PRODUCT_BUNDLE_IDENTIFIER = com.davidpucheta.EjercicioWs;
				PRODUCT_NAME = "$(TARGET_NAME)";
			};
			name = Debug;
		};
		478D41EB1BDA7F7B00467132 /* Release */ = {
			isa = XCBuildConfiguration;
			buildSettings = {
				ASSETCATALOG_COMPILER_APPICON_NAME = AppIcon;
				"HEADER_SEARCH_PATHS[arch=*]" = /usr/include/libxml2;
				INFOPLIST_FILE = EjercicioWs/Info.plist;
				LD_RUNPATH_SEARCH_PATHS = "$(inherited) @executable_path/Frameworks";
				"OTHER_LDFLAGS[arch=*]" = "-lxml2";
				PRODUCT_BUNDLE_IDENTIFIER = com.davidpucheta.EjercicioWs;
				PRODUCT_NAME = "$(TARGET_NAME)";
			};
			name = Release;
		};
/* End XCBuildConfiguration section */

/* Begin XCConfigurationList section */
		478D41CD1BDA7F7B00467132 /* Build configuration list for PBXProject "EjercicioWs" */ = {
			isa = XCConfigurationList;
			buildConfigurations = (
				478D41E71BDA7F7B00467132 /* Debug */,
				478D41E81BDA7F7B00467132 /* Release */,
			);
			defaultConfigurationIsVisible = 0;
			defaultConfigurationName = Release;
		};
		478D41E91BDA7F7B00467132 /* Build configuration list for PBXNativeTarget "EjercicioWs" */ = {
			isa = XCConfigurationList;
			buildConfigurations = (
				478D41EA1BDA7F7B00467132 /* Debug */,
				478D41EB1BDA7F7B00467132 /* Release */,
			);
			defaultConfigurationIsVisible = 0;
		};
/* End XCConfigurationList section */
	};
	rootObject = 478D41CA1BDA7F7B00467132 /* Project object */;
}
